
Microsoft Visual Studio Solution File, Format Version 12.00
# Visual Studio Version 17
VisualStudioVersion = 17.5.002.0
MinimumVisualStudioVersion = 10.0.40219.1
Project("{9A19103F-16F7-4668-BE54-9A1E7A4F7556}") = "PrevisionMaxApi", "PrevisionMaxApi.csproj", "{3906B967-E3B9-4ABD-BF58-FF0841690A48}"
EndProject
Global
	GlobalSection(SolutionConfigurationPlatforms) = preSolution
		Debug|Any CPU = Debug|Any CPU
		Release|Any CPU = Release|Any CPU
	EndGlobalSection
	GlobalSection(ProjectConfigurationPlatforms) = postSolution
		{3906B967-E3B9-4ABD-BF58-FF0841690A48}.Debug|Any CPU.ActiveCfg = Debug|Any CPU
		{3906B967-E3B9-4ABD-BF58-FF0841690A48}.Debug|Any CPU.Build.0 = Debug|Any CPU
		{3906B967-E3B9-4ABD-BF58-FF0841690A48}.Release|Any CPU.ActiveCfg = Release|Any CPU
		{3906B967-E3B9-4ABD-BF58-FF0841690A48}.Release|Any CPU.Build.0 = Release|Any CPU
	EndGlobalSection
	GlobalSection(SolutionProperties) = preSolution
		HideSolutionNode = FALSE
	EndGlobalSection
	GlobalSection(ExtensibilityGlobals) = postSolution
		SolutionGuid = {1622EDAE-428D-404F-B7BA-3317353EB57C}
	EndGlobalSection
EndGlobal
